PODS:
  - AFNetworking (4.0.1):
    - AFNetworking/NSURLSession (= 4.0.1)
    - AFNetworking/Reachability (= 4.0.1)
    - AFNetworking/Security (= 4.0.1)
    - AFNetworking/Serialization (= 4.0.1)
    - AFNetworking/UIKit (= 4.0.1)
  - AFNetworking/NSURLSession (4.0.1):
    - AFNetworking/Reachability
    - AFNetworking/Security
    - AFNetworking/Serialization
  - AFNetworking/Reachability (4.0.1)
  - AFNetworking/Security (4.0.1)
  - AFNetworking/Serialization (4.0.1)
  - AFNetworking/UIKit (4.0.1):
    - AFNetworking/NSURLSession
  - ISO8601 (0.6.0)
  - JSONModel (1.8.0)
  - SwiftHamcrest (2.2.1)
  - VillageWalletSDK (3.2.0)
  - VillageWalletSDKOAIClient (3.2.0):
    - AFNetworking (~> 4)
    - ISO8601 (~> 0.6)
    - JSONModel (~> 1.2)
    - VillageWalletSDK (~> 3.2)

DEPENDENCIES:
  - SwiftHamcrest (~> 2.2.1)
  - "VillageWalletSDK (from `git@github.com:woolworthslimited/paysdk2-ios.git`, tag `v3.2.0`)"
  - VillageWalletSDKOAIClient (from `../`)

SPEC REPOS:
  trunk:
    - AFNetworking
    - ISO8601
    - JSONModel
    - SwiftHamcrest

EXTERNAL SOURCES:
  VillageWalletSDK:
    :git: "git@github.com:woolworthslimited/paysdk2-ios.git"
    :tag: v3.2.0
  VillageWalletSDKOAIClient:
    :path: "../"

CHECKOUT OPTIONS:
  VillageWalletSDK:
    :git: "git@github.com:woolworthslimited/paysdk2-ios.git"
    :tag: v3.2.0

SPEC CHECKSUMS:
  AFNetworking: 7864c38297c79aaca1500c33288e429c3451fdce
  ISO8601: d3ea3ba9b752820cf92c6b47a9ee327e9f0e13fc
  JSONModel: 02ab723958366a3fd27da57ea2af2113658762e9
  SwiftHamcrest: 67454f9c4c7fae8d7a0f82dfd42f8a54a79095b1
  VillageWalletSDK: 02a2fcc5cb8e5ed0fb5cbd08bdc79452c35c3045
  VillageWalletSDKOAIClient: 2bda2314308fd525d6cd0e153c9a835ec9b55ae6

PODFILE CHECKSUM: 2995faa9621df547edec1042bc65d562ac61e5eb

COCOAPODS: 1.9.3
