PODS:
  - AFNetworking (4.0.1):
    - AFNetworking/NSURLSession (= 4.0.1)
    - AFNetworking/Reachability (= 4.0.1)
    - AFNetworking/Security (= 4.0.1)
    - AFNetworking/Serialization (= 4.0.1)
    - AFNetworking/UIKit (= 4.0.1)
  - AFNetworking/NSURLSession (4.0.1):
    - AFNetworking/Reachability
    - AFNetworking/Security
    - AFNetworking/Serialization
  - AFNetworking/Reachability (4.0.1)
  - AFNetworking/Security (4.0.1)
  - AFNetworking/Serialization (4.0.1)
  - AFNetworking/UIKit (4.0.1):
    - AFNetworking/NSURLSession
  - ISO8601 (0.6.0)
  - JSONModel (1.8.0)
  - SwiftHamcrest (2.2.2)
  - VillageWalletSDK (4.2.0)
  - VillageWalletSDKOAIClient (4.2.0):
    - AFNetworking (~> 4)
    - ISO8601 (~> 0.6)
    - JSONModel (~> 1.2)
    - VillageWalletSDK (~> 4.2.0)

DEPENDENCIES:
  - SwiftHamcrest (~> 2.2.1)
  - "VillageWalletSDK (from `git@github.com:w-pay/sdk-wpay-ios.git`, tag `v4.2.0`)"
  - VillageWalletSDKOAIClient (from `../`)

SPEC REPOS:
  trunk:
    - AFNetworking
    - ISO8601
    - JSONModel
    - SwiftHamcrest

EXTERNAL SOURCES:
  VillageWalletSDK:
    :git: "git@github.com:w-pay/sdk-wpay-ios.git"
    :tag: v4.2.0
  VillageWalletSDKOAIClient:
    :path: "../"

CHECKOUT OPTIONS:
  VillageWalletSDK:
    :git: "git@github.com:w-pay/sdk-wpay-ios.git"
    :tag: v4.2.0

SPEC CHECKSUMS:
  AFNetworking: 7864c38297c79aaca1500c33288e429c3451fdce
  ISO8601: d3ea3ba9b752820cf92c6b47a9ee327e9f0e13fc
  JSONModel: 02ab723958366a3fd27da57ea2af2113658762e9
  SwiftHamcrest: 940c3dae2a31f92da433f5a0b13d42103247051b
  VillageWalletSDK: 7ca3e651f94c30813ca9afab17ca20c1dfe28966
  VillageWalletSDKOAIClient: 94c7e5179facba687f921b2112329f0e92e587ec

PODFILE CHECKSUM: e7f7f59ffe12e8b5161685b8af0ac6f98e974a45

COCOAPODS: 1.9.3
