PODS:
  - AFNetworking (3.2.1):
    - AFNetworking/NSURLSession (= 3.2.1)
    - AFNetworking/Reachability (= 3.2.1)
    - AFNetworking/Security (= 3.2.1)
    - AFNetworking/Serialization (= 3.2.1)
    - AFNetworking/UIKit (= 3.2.1)
  - AFNetworking/NSURLSession (3.2.1):
    - AFNetworking/Reachability
    - AFNetworking/Security
    - AFNetworking/Serialization
  - AFNetworking/Reachability (3.2.1)
  - AFNetworking/Security (3.2.1)
  - AFNetworking/Serialization (3.2.1)
  - AFNetworking/UIKit (3.2.1):
    - AFNetworking/NSURLSession
  - ISO8601 (0.6.0)
  - JSONModel (1.8.0)
  - SwiftHamcrest (2.2.1)
  - VillageWalletSDK (2.1.0)
  - VillageWalletSDKOAIClient (2.0.0):
    - AFNetworking (~> 3)
    - ISO8601 (~> 0.6)
    - JSONModel (~> 1.2)
    - VillageWalletSDK (~> 2.1)

DEPENDENCIES:
  - SwiftHamcrest (~> 2.2.1)
  - "VillageWalletSDK (from `git@github.com:woolworthslimited/paysdk2-ios.git`, tag `v2.1.0`)"
  - VillageWalletSDKOAIClient (from `../`)

SPEC REPOS:
  trunk:
    - AFNetworking
    - ISO8601
    - JSONModel
    - SwiftHamcrest

EXTERNAL SOURCES:
  VillageWalletSDK:
    :git: "git@github.com:woolworthslimited/paysdk2-ios.git"
    :tag: v2.1.0
  VillageWalletSDKOAIClient:
    :path: "../"

CHECKOUT OPTIONS:
  VillageWalletSDK:
    :git: "git@github.com:woolworthslimited/paysdk2-ios.git"
    :tag: v2.1.0

SPEC CHECKSUMS:
  AFNetworking: b6f891fdfaed196b46c7a83cf209e09697b94057
  ISO8601: d3ea3ba9b752820cf92c6b47a9ee327e9f0e13fc
  JSONModel: 02ab723958366a3fd27da57ea2af2113658762e9
  SwiftHamcrest: 67454f9c4c7fae8d7a0f82dfd42f8a54a79095b1
  VillageWalletSDK: 8470ef438558d2f5b9dd7f1ef96d71ae89bab777
  VillageWalletSDKOAIClient: 1dd65c3de3123f86d7207da143fd93647459b860

PODFILE CHECKSUM: be68e9f95af3bbb1f735fe4ef822307cf95bb1ad

COCOAPODS: 1.9.3
